
Microsoft Visual Studio Solution File, Format Version 12.00
# Visual Studio Version 17
VisualStudioVersion = 17.3.32825.248
MinimumVisualStudioVersion = 10.0.40219.1
Project("{FAE04EC0-301F-11D3-BF4B-00C04F79EFBC}") = "MVCNetwork", "MVCNetwork.csproj", "{C08FDEB4-DF66-45F6-96AE-81B588B64DE4}"
EndProject
Global
	GlobalSection(SolutionConfigurationPlatforms) = preSolution
		Debug|Any CPU = Debug|Any CPU
		Release|Any CPU = Release|Any CPU
	EndGlobalSection
	GlobalSection(ProjectConfigurationPlatforms) = postSolution
		{C08FDEB4-DF66-45F6-96AE-81B588B64DE4}.Debug|Any CPU.ActiveCfg = Debug|Any CPU
		{C08FDEB4-DF66-45F6-96AE-81B588B64DE4}.Debug|Any CPU.Build.0 = Debug|Any CPU
		{C08FDEB4-DF66-45F6-96AE-81B588B64DE4}.Release|Any CPU.ActiveCfg = Release|Any CPU
		{C08FDEB4-DF66-45F6-96AE-81B588B64DE4}.Release|Any CPU.Build.0 = Release|Any CPU
	EndGlobalSection
	GlobalSection(SolutionProperties) = preSolution
		HideSolutionNode = FALSE
	EndGlobalSection
	GlobalSection(ExtensibilityGlobals) = postSolution
		SolutionGuid = {034CA57C-071B-4BD8-9A37-E0260A8265B3}
	EndGlobalSection
EndGlobal
